// !$*UTF8*$!
{
	archiveVersion = 1;
	classes = {
	};
	objectVersion = 46;
	objects = {

/* Begin PBXBuildFile section */
		522DF3131E544B3F008BA23F /* AppDelegate.swift in Sources */ = {isa = PBXBuildFile; fileRef = 522DF3121E544B3F008BA23F /* AppDelegate.swift */; };
		522DF3151E544B3F008BA23F /* ViewController.swift in Sources */ = {isa = PBXBuildFile; fileRef = 522DF3141E544B3F008BA23F /* ViewController.swift */; };
		522DF3181E544B3F008BA23F /* Main.storyboard in Resources */ = {isa = PBXBuildFile; fileRef = 522DF3161E544B3F008BA23F /* Main.storyboard */; };
		522DF31A1E544B3F008BA23F /* Assets.xcassets in Resources */ = {isa = PBXBuildFile; fileRef = 522DF3191E544B3F008BA23F /* Assets.xcassets */; };
		522DF31D1E544B3F008BA23F /* LaunchScreen.storyboard in Resources */ = {isa = PBXBuildFile; fileRef = 522DF31B1E544B3F008BA23F /* LaunchScreen.storyboard */; };
		522DF3251E544D9D008BA23F /* background.jpg in Resources */ = {isa = PBXBuildFile; fileRef = 522DF3241E544D9D008BA23F /* background.jpg */; };
		522DF3271E558BFE008BA23F /* timer_or_desk_bell.mp3 in Resources */ = {isa = PBXBuildFile; fileRef = 522DF3261E558BFE008BA23F /* timer_or_desk_bell.mp3 */; };
/* End PBXBuildFile section */

/* Begin PBXFileReference section */
		522DF30F1E544B3F008BA23F /* ExerciseTimer.app */ = {isa = PBXFileReference; explicitFileType = wrapper.application; includeInIndex = 0; path = ExerciseTimer.app; sourceTree = BUILT_PRODUCTS_DIR; };
		522DF3121E544B3F008BA23F /* AppDelegate.swift */ = {isa = PBXFileReference; lastKnownFileType = sourcecode.swift; path = AppDelegate.swift; sourceTree = "<group>"; };
		522DF3141E544B3F008BA23F /* ViewController.swift */ = {isa = PBXFileReference; lastKnownFileType = sourcecode.swift; path = ViewController.swift; sourceTree = "<group>"; };
		522DF3171E544B3F008BA23F /* Base */ = {isa = PBXFileReference; lastKnownFileType = file.storyboard; name = Base; path = Base.lproj/Main.storyboard; sourceTree = "<group>"; };
		522DF3191E544B3F008BA23F /* Assets.xcassets */ = {isa = PBXFileReference; lastKnownFileType = folder.assetcatalog; path = Assets.xcassets; sourceTree = "<group>"; };
		522DF31C1E544B3F008BA23F /* Base */ = {isa = PBXFileReference; lastKnownFileType = file.storyboard; name = Base; path = Base.lproj/LaunchScreen.storyboard; sourceTree = "<group>"; };
		522DF31E1E544B3F008BA23F /* Info.plist */ = {isa = PBXFileReference; lastKnownFileType = text.plist.xml; path = Info.plist; sourceTree = "<group>"; };
		522DF3241E544D9D008BA23F /* background.jpg */ = {isa = PBXFileReference; lastKnownFileType = image.jpeg; path = background.jpg; sourceTree = "<group>"; };
		522DF3261E558BFE008BA23F /* timer_or_desk_bell.mp3 */ = {isa = PBXFileReference; lastKnownFileType = audio.mp3; path = timer_or_desk_bell.mp3; sourceTree = "<group>"; };
/* End PBXFileReference section */

/* Begin PBXFrameworksBuildPhase section */
		522DF30C1E544B3F008BA23F /* Frameworks */ = {
			isa = PBXFrameworksBuildPhase;
			buildActionMask = 2147483647;
			files = (
			);
			runOnlyForDeploymentPostprocessing = 0;
		};
/* End PBXFrameworksBuildPhase section */

/* Begin PBXGroup section */
		522DF3061E544B3F008BA23F = {
			isa = PBXGroup;
			children = (
				522DF3111E544B3F008BA23F /* ExerciseTimer */,
				522DF3101E544B3F008BA23F /* Products */,
			);
			sourceTree = "<group>";
		};
		522DF3101E544B3F008BA23F /* Products */ = {
			isa = PBXGroup;
			children = (
				522DF30F1E544B3F008BA23F /* ExerciseTimer.app */,
			);
			name = Products;
			sourceTree = "<group>";
		};
		522DF3111E544B3F008BA23F /* ExerciseTimer */ = {
			isa = PBXGroup;
			children = (
				522DF3121E544B3F008BA23F /* AppDelegate.swift */,
				522DF3141E544B3F008BA23F /* ViewController.swift */,
				522DF3161E544B3F008BA23F /* Main.storyboard */,
				522DF3191E544B3F008BA23F /* Assets.xcassets */,
				522DF3261E558BFE008BA23F /* timer_or_desk_bell.mp3 */,
				522DF3241E544D9D008BA23F /* background.jpg */,
				522DF31B1E544B3F008BA23F /* LaunchScreen.storyboard */,
				522DF31E1E544B3F008BA23F /* Info.plist */,
			);
			path = ExerciseTimer;
			sourceTree = "<group>";
		};
/* End PBXGroup section */

/* Begin PBXNativeTarget section */
		522DF30E1E544B3F008BA23F /* ExerciseTimer */ = {
			isa = PBXNativeTarget;
			buildConfigurationList = 522DF3211E544B3F008BA23F /* Build configuration list for PBXNativeTarget "ExerciseTimer" */;
			buildPhases = (
				522DF30B1E544B3F008BA23F /* Sources */,
				522DF30C1E544B3F008BA23F /* Frameworks */,
				522DF30D1E544B3F008BA23F /* Resources */,
			);
			buildRules = (
			);
			dependencies = (
			);
			name = ExerciseTimer;
			productName = ExerciseTimer;
			productReference = 522DF30F1E544B3F008BA23F /* ExerciseTimer.app */;
			productType = "com.apple.product-type.application";
		};
/* End PBXNativeTarget section */

/* Begin PBXProject section */
		522DF3071E544B3F008BA23F /* Project object */ = {
			isa = PBXProject;
			attributes = {
				LastSwiftUpdateCheck = 0820;
				LastUpgradeCheck = 0820;
				ORGANIZATIONNAME = Hungo;
				TargetAttributes = {
					522DF30E1E544B3F008BA23F = {
						CreatedOnToolsVersion = 8.2;
						DevelopmentTeam = XGJCJ46F38;
						ProvisioningStyle = Automatic;
					};
				};
			};
			buildConfigurationList = 522DF30A1E544B3F008BA23F /* Build configuration list for PBXProject "ExerciseTimer" */;
			compatibilityVersion = "Xcode 3.2";
			developmentRegion = English;
			hasScannedForEncodings = 0;
			knownRegions = (
				en,
				Base,
			);
			mainGroup = 522DF3061E544B3F008BA23F;
			productRefGroup = 522DF3101E544B3F008BA23F /* Products */;
			projectDirPath = "";
			projectRoot = "";
			targets = (
				522DF30E1E544B3F008BA23F /* ExerciseTimer */,
			);
		};
/* End PBXProject section */

/* Begin PBXResourcesBuildPhase section */
		522DF30D1E544B3F008BA23F /* Resources */ = {
			isa = PBXResourcesBuildPhase;
			buildActionMask = 2147483647;
			files = (
				522DF3251E544D9D008BA23F /* background.jpg in Resources */,
				522DF3271E558BFE008BA23F /* timer_or_desk_bell.mp3 in Resources */,
				522DF31D1E544B3F008BA23F /* LaunchScreen.storyboard in Resources */,
				522DF31A1E544B3F008BA23F /* Assets.xcassets in Resources */,
				522DF3181E544B3F008BA23F /* Main.storyboard in Resources */,
			);
			runOnlyForDeploymentPostprocessing = 0;
		};
/* End PBXResourcesBuildPhase section */

/* Begin PBXSourcesBuildPhase section */
		522DF30B1E544B3F008BA23F /* Sources */ = {
			isa = PBXSourcesBuildPhase;
			buildActionMask = 2147483647;
			files = (
				522DF3151E544B3F008BA23F /* ViewController.swift in Sources */,
				522DF3131E544B3F008BA23F /* AppDelegate.swift in Sources */,
			);
			runOnlyForDeploymentPostprocessing = 0;
		};
/* End PBXSourcesBuildPhase section */

/* Begin PBXVariantGroup section */
		522DF3161E544B3F008BA23F /* Main.storyboard */ = {
			isa = PBXVariantGroup;
			children = (
				522DF3171E544B3F008BA23F /* Base */,
			);
			name = Main.storyboard;
			sourceTree = "<group>";
		};
		522DF31B1E544B3F008BA23F /* LaunchScreen.storyboard */ = {
			isa = PBXVariantGroup;
			children = (
				522DF31C1E544B3F008BA23F /* Base */,
			);
			name = LaunchScreen.storyboard;
			sourceTree = "<group>";
		};
/* End PBXVariantGroup section */

/* Begin XCBuildConfiguration section */
		522DF31F1E544B3F008BA23F /* Debug */ = {
			isa = XCBuildConfiguration;
			buildSettings = {
				ALWAYS_SEARCH_USER_PATHS = NO;
				CLANG_ANALYZER_NONNULL = YES;
				CLANG_CXX_LANGUAGE_STANDARD = "gnu++0x";
				CLANG_CXX_LIBRARY = "libc++";
				CLANG_ENABLE_MODULES = YES;
				CLANG_ENABLE_OBJC_ARC = YES;
				CLANG_WARN_BOOL_CONVERSION = YES;
				CLANG_WARN_CONSTANT_CONVERSION = YES;
				CLANG_WARN_DIRECT_OBJC_ISA_USAGE = YES_ERROR;
				CLANG_WARN_DOCUMENTATION_COMMENTS = YES;
				CLANG_WARN_EMPTY_BODY = YES;
				CLANG_WARN_ENUM_CONVERSION = YES;
				CLANG_WARN_INFINITE_RECURSION = YES;
				CLANG_WARN_INT_CONVERSION = YES;
				CLANG_WARN_OBJC_ROOT_CLASS = YES_ERROR;
				CLANG_WARN_SUSPICIOUS_MOVE = YES;
				CLANG_WARN_UNREACHABLE_CODE = YES;
				CLANG_WARN__DUPLICATE_METHOD_MATCH = YES;
				"CODE_SIGN_IDENTITY[sdk=iphoneos*]" = "iPhone Developer";
				COPY_PHASE_STRIP = NO;
				DEBUG_INFORMATION_FORMAT = dwarf;
				ENABLE_STRICT_OBJC_MSGSEND = YES;
				ENABLE_TESTABILITY = YES;
				GCC_C_LANGUAGE_STANDARD = gnu99;
				GCC_DYNAMIC_NO_PIC = NO;
				GCC_NO_COMMON_BLOCKS = YES;
				GCC_OPTIMIZATION_LEVEL = 0;
				GCC_PREPROCESSOR_DEFINITIONS = (
					"DEBUG=1",
					"$(inherited)",
				);
				GCC_WARN_64_TO_32_BIT_CONVERSION = YES;
				GCC_WARN_ABOUT_RETURN_TYPE = YES_ERROR;
				GCC_WARN_UNDECLARED_SELECTOR = YES;
				GCC_WARN_UNINITIALIZED_AUTOS = YES_AGGRESSIVE;
				GCC_WARN_UNUSED_FUNCTION = YES;
				GCC_WARN_UNUSED_VARIABLE = YES;
				IPHONEOS_DEPLOYMENT_TARGET = 10.2;
				MTL_ENABLE_DEBUG_INFO = YES;
				ONLY_ACTIVE_ARCH = YES;
				SDKROOT = iphoneos;
				SWIFT_ACTIVE_COMPILATION_CONDITIONS = DEBUG;
				SWIFT_OPTIMIZATION_LEVEL = "-Onone";
			};
			name = Debug;
		};
		522DF3201E544B3F008BA23F /* Release */ = {
			isa = XCBuildConfiguration;
			buildSettings = {
				ALWAYS_SEARCH_USER_PATHS = NO;
				CLANG_ANALYZER_NONNULL = YES;
				CLANG_CXX_LANGUAGE_STANDARD = "gnu++0x";
				CLANG_CXX_LIBRARY = "libc++";
				CLANG_ENABLE_MODULES = YES;
				CLANG_ENABLE_OBJC_ARC = YES;
				CLANG_WARN_BOOL_CONVERSION = YES;
				CLANG_WARN_CONSTANT_CONVERSION = YES;
				CLANG_WARN_DIRECT_OBJC_ISA_USAGE = YES_ERROR;
				CLANG_WARN_DOCUMENTATION_COMMENTS = YES;
				CLANG_WARN_EMPTY_BODY = YES;
				CLANG_WARN_ENUM_CONVERSION = YES;
				CLANG_WARN_INFINITE_RECURSION = YES;
				CLANG_WARN_INT_CONVERSION = YES;
				CLANG_WARN_OBJC_ROOT_CLASS = YES_ERROR;
				CLANG_WARN_SUSPICIOUS_MOVE = YES;
				CLANG_WARN_UNREACHABLE_CODE = YES;
				CLANG_WARN__DUPLICATE_METHOD_MATCH = YES;
				"CODE_SIGN_IDENTITY[sdk=iphoneos*]" = "iPhone Developer";
				COPY_PHASE_STRIP = NO;
				DEBUG_INFORMATION_FORMAT = "dwarf-with-dsym";
				ENABLE_NS_ASSERTIONS = NO;
				ENABLE_STRICT_OBJC_MSGSEND = YES;
				GCC_C_LANGUAGE_STANDARD = gnu99;
				GCC_NO_COMMON_BLOCKS = YES;
				GCC_WARN_64_TO_32_BIT_CONVERSION = YES;
				GCC_WARN_ABOUT_RETURN_TYPE = YES_ERROR;
				GCC_WARN_UNDECLARED_SELECTOR = YES;
				GCC_WARN_UNINITIALIZED_AUTOS = YES_AGGRESSIVE;
				GCC_WARN_UNUSED_FUNCTION = YES;
				GCC_WARN_UNUSED_VARIABLE = YES;
				IPHONEOS_DEPLOYMENT_TARGET = 10.2;
				MTL_ENABLE_DEBUG_INFO = NO;
				SDKROOT = iphoneos;
				SWIFT_OPTIMIZATION_LEVEL = "-Owholemodule";
				VALIDATE_PRODUCT = YES;
			};
			name = Release;
		};
		522DF3221E544B3F008BA23F /* Debug */ = {
			isa = XCBuildConfiguration;
			buildSettings = {
				ASSETCATALOG_COMPILER_APPICON_NAME = AppIcon;
				DEVELOPMENT_TEAM = XGJCJ46F38;
				INFOPLIST_FILE = ExerciseTimer/Info.plist;
				LD_RUNPATH_SEARCH_PATHS = "$(inherited) @executable_path/Frameworks";
				PRODUCT_BUNDLE_IDENTIFIER = com.hungo.win.ExerciseTimer;
				PRODUCT_NAME = "$(TARGET_NAME)";
				SWIFT_VERSION = 3.0;
			};
			name = Debug;
		};
		522DF3231E544B3F008BA23F /* Release */ = {
			isa = XCBuildConfiguration;
			buildSettings = {
				ASSETCATALOG_COMPILER_APPICON_NAME = AppIcon;
				DEVELOPMENT_TEAM = XGJCJ46F38;
				INFOPLIST_FILE = ExerciseTimer/Info.plist;
				LD_RUNPATH_SEARCH_PATHS = "$(inherited) @executable_path/Frameworks";
				PRODUCT_BUNDLE_IDENTIFIER = com.hungo.win.ExerciseTimer;
				PRODUCT_NAME = "$(TARGET_NAME)";
				SWIFT_VERSION = 3.0;
			};
			name = Release;
		};
/* End XCBuildConfiguration section */

/* Begin XCConfigurationList section */
		522DF30A1E544B3F008BA23F /* Build configuration list for PBXProject "ExerciseTimer" */ = {
			isa = XCConfigurationList;
			buildConfigurations = (
				522DF31F1E544B3F008BA23F /* Debug */,
				522DF3201E544B3F008BA23F /* Release */,
			);
			defaultConfigurationIsVisible = 0;
			defaultConfigurationName = Release;
		};
		522DF3211E544B3F008BA23F /* Build configuration list for PBXNativeTarget "ExerciseTimer" */ = {
			isa = XCConfigurationList;
			buildConfigurations = (
				522DF3221E544B3F008BA23F /* Debug */,
				522DF3231E544B3F008BA23F /* Release */,
			);
			defaultConfigurationIsVisible = 0;
		};
/* End XCConfigurationList section */
	};
	rootObject = 522DF3071E544B3F008BA23F /* Project object */;
}
